Microsoft Visual Studio Solution File, Format Version 12.00
# Visual Studio 2012
Project("{2150E333-8FDC-42A3-9474-1A3956D46DE8}") = "Modules", "Modules", "{E9C9F120-07BA-4DFB-B9C3-3AFB9D44C9D5}"
EndProject
Project("{2150E333-8FDC-42A3-9474-1A3956D46DE8}") = "Tests", "Tests", "{74E681ED-FECC-4034-B9BD-01B0BB1BDECA}"
EndProject
Project("{2150E333-8FDC-42A3-9474-1A3956D46DE8}") = "Tools", "Tools", "{383DBA32-4A3E-48D1-AAC3-75377A694452}"
EndProject
Project("{FAE04EC0-301F-11D3-BF4B-00C04F79EFBC}") = "Orchard.Web", "Orchard.Web\Orchard.Web.csproj", "{50B779EA-EC00-4699-84C0-03B395C365D2}"
EndProject
Project("{FAE04EC0-301F-11D3-BF4B-00C04F79EFBC}") = "Orchard.Framework", "Orchard\Orchard.Framework.csproj", "{2D1D92BB-4555-4CBE-8D0E-63563D6CE4C6}"
EndProject
Project("{FAE04EC0-301F-11D3-BF4B-00C04F79EFBC}") = "Orchard.Core", "Orchard.Web\Core\Orchard.Core.csproj", "{9916839C-39FC-4CEB-A5AF-89CA7E87119F}"
EndProject
Project("{FAE04EC0-301F-11D3-BF4B-00C04F79EFBC}") = "Orchard.WarmupStarter", "Orchard.WarmupStarter\Orchard.WarmupStarter.csproj", "{5C0D5249-AEF5-4BB6-8F5F-057B91AC2D7A}"
EndProject
Project("{FAE04EC0-301F-11D3-BF4B-00C04F79EFBC}") = "Orchard.Management.PsProvider", "Tools\Orchard.Management.PsProvider\Orchard.Management.PsProvider.csproj", "{2C286142-7875-44C6-A44B-332397A59FD4}"
EndProject
Project("{FAE04EC0-301F-11D3-BF4B-00C04F79EFBC}") = "Orchard.Management.PsProvider.Tests", "Tools\Orchard.Management.PsProvider.Tests\Orchard.Management.PsProvider.Tests.csproj", "{D64F8D02-3770-4142-9DCF-347085D867C4}"
EndProject
Project("{FAE04EC0-301F-11D3-BF4B-00C04F79EFBC}") = "OrchardPs", "Tools\OrchardPs\OrchardPs.csproj", "{5407066D-9506-4A04-AD71-B61838254DF8}"
EndProject
Project("{FAE04EC0-301F-11D3-BF4B-00C04F79EFBC}") = "Orchard.Tests.Modules.PowerShell", "Orchard.Tests.Modules.PowerShell\Orchard.Tests.Modules.PowerShell.csproj", "{301B0B38-603A-4B9E-ADE3-4A4FE797F753}"
EndProject
Project("{FAE04EC0-301F-11D3-BF4B-00C04F79EFBC}") = "Proligence.PowerShell", "Orchard.Web\Modules\Proligence.PowerShell\Proligence.PowerShell.csproj", "{9C300795-5E99-4894-AEB1-E6B38DFF0D78}"
EndProject
Global
	GlobalSection(SolutionConfigurationPlatforms) = preSolution
		CodeCoverage|Any CPU = CodeCoverage|Any CPU
		Coverage|Any CPU = Coverage|Any CPU
		Debug|Any CPU = Debug|Any CPU
		FxCop|Any CPU = FxCop|Any CPU
		Release|Any CPU = Release|Any CPU
	EndGlobalSection
	GlobalSection(ProjectConfigurationPlatforms) = postSolution
		{50B779EA-EC00-4699-84C0-03B395C365D2}.CodeCoverage|Any CPU.ActiveCfg = Release|Any CPU
		{50B779EA-EC00-4699-84C0-03B395C365D2}.CodeCoverage|Any CPU.Build.0 = Release|Any CPU
		{50B779EA-EC00-4699-84C0-03B395C365D2}.Coverage|Any CPU.ActiveCfg = Release|Any CPU
		{50B779EA-EC00-4699-84C0-03B395C365D2}.Coverage|Any CPU.Build.0 = Release|Any CPU
		{50B779EA-EC00-4699-84C0-03B395C365D2}.Debug|Any CPU.ActiveCfg = Debug|Any CPU
		{50B779EA-EC00-4699-84C0-03B395C365D2}.Debug|Any CPU.Build.0 = Debug|Any CPU
		{50B779EA-EC00-4699-84C0-03B395C365D2}.FxCop|Any CPU.ActiveCfg = Release|Any CPU
		{50B779EA-EC00-4699-84C0-03B395C365D2}.FxCop|Any CPU.Build.0 = Release|Any CPU
		{50B779EA-EC00-4699-84C0-03B395C365D2}.Release|Any CPU.ActiveCfg = Release|Any CPU
		{50B779EA-EC00-4699-84C0-03B395C365D2}.Release|Any CPU.Build.0 = Release|Any CPU
		{2D1D92BB-4555-4CBE-8D0E-63563D6CE4C6}.CodeCoverage|Any CPU.ActiveCfg = Release|Any CPU
		{2D1D92BB-4555-4CBE-8D0E-63563D6CE4C6}.CodeCoverage|Any CPU.Build.0 = Release|Any CPU
		{2D1D92BB-4555-4CBE-8D0E-63563D6CE4C6}.Coverage|Any CPU.ActiveCfg = Release|Any CPU
		{2D1D92BB-4555-4CBE-8D0E-63563D6CE4C6}.Coverage|Any CPU.Build.0 = Release|Any CPU
		{2D1D92BB-4555-4CBE-8D0E-63563D6CE4C6}.Debug|Any CPU.ActiveCfg = Debug|Any CPU
		{2D1D92BB-4555-4CBE-8D0E-63563D6CE4C6}.Debug|Any CPU.Build.0 = Debug|Any CPU
		{2D1D92BB-4555-4CBE-8D0E-63563D6CE4C6}.FxCop|Any CPU.ActiveCfg = Release|Any CPU
		{2D1D92BB-4555-4CBE-8D0E-63563D6CE4C6}.FxCop|Any CPU.Build.0 = Release|Any CPU
		{2D1D92BB-4555-4CBE-8D0E-63563D6CE4C6}.Release|Any CPU.ActiveCfg = Release|Any CPU
		{2D1D92BB-4555-4CBE-8D0E-63563D6CE4C6}.Release|Any CPU.Build.0 = Release|Any CPU
		{9916839C-39FC-4CEB-A5AF-89CA7E87119F}.CodeCoverage|Any CPU.ActiveCfg = Release|Any CPU
		{9916839C-39FC-4CEB-A5AF-89CA7E87119F}.CodeCoverage|Any CPU.Build.0 = Release|Any CPU
		{9916839C-39FC-4CEB-A5AF-89CA7E87119F}.Coverage|Any CPU.ActiveCfg = Release|Any CPU
		{9916839C-39FC-4CEB-A5AF-89CA7E87119F}.Coverage|Any CPU.Build.0 = Release|Any CPU
		{9916839C-39FC-4CEB-A5AF-89CA7E87119F}.Debug|Any CPU.ActiveCfg = Debug|Any CPU
		{9916839C-39FC-4CEB-A5AF-89CA7E87119F}.Debug|Any CPU.Build.0 = Debug|Any CPU
		{9916839C-39FC-4CEB-A5AF-89CA7E87119F}.FxCop|Any CPU.ActiveCfg = Release|Any CPU
		{9916839C-39FC-4CEB-A5AF-89CA7E87119F}.FxCop|Any CPU.Build.0 = Release|Any CPU
		{9916839C-39FC-4CEB-A5AF-89CA7E87119F}.Release|Any CPU.ActiveCfg = Release|Any CPU
		{9916839C-39FC-4CEB-A5AF-89CA7E87119F}.Release|Any CPU.Build.0 = Release|Any CPU
		{5C0D5249-AEF5-4BB6-8F5F-057B91AC2D7A}.CodeCoverage|Any CPU.ActiveCfg = Release|Any CPU
		{5C0D5249-AEF5-4BB6-8F5F-057B91AC2D7A}.CodeCoverage|Any CPU.Build.0 = Release|Any CPU
		{5C0D5249-AEF5-4BB6-8F5F-057B91AC2D7A}.Coverage|Any CPU.ActiveCfg = Release|Any CPU
		{5C0D5249-AEF5-4BB6-8F5F-057B91AC2D7A}.Coverage|Any CPU.Build.0 = Release|Any CPU
		{5C0D5249-AEF5-4BB6-8F5F-057B91AC2D7A}.Debug|Any CPU.ActiveCfg = Debug|Any CPU
		{5C0D5249-AEF5-4BB6-8F5F-057B91AC2D7A}.Debug|Any CPU.Build.0 = Debug|Any CPU
		{5C0D5249-AEF5-4BB6-8F5F-057B91AC2D7A}.FxCop|Any CPU.ActiveCfg = Release|Any CPU
		{5C0D5249-AEF5-4BB6-8F5F-057B91AC2D7A}.FxCop|Any CPU.Build.0 = Release|Any CPU
		{5C0D5249-AEF5-4BB6-8F5F-057B91AC2D7A}.Release|Any CPU.ActiveCfg = Release|Any CPU
		{5C0D5249-AEF5-4BB6-8F5F-057B91AC2D7A}.Release|Any CPU.Build.0 = Release|Any CPU
		{2C286142-7875-44C6-A44B-332397A59FD4}.CodeCoverage|Any CPU.ActiveCfg = Release|Any CPU
		{2C286142-7875-44C6-A44B-332397A59FD4}.CodeCoverage|Any CPU.Build.0 = Release|Any CPU
		{2C286142-7875-44C6-A44B-332397A59FD4}.Coverage|Any CPU.ActiveCfg = Release|Any CPU
		{2C286142-7875-44C6-A44B-332397A59FD4}.Coverage|Any CPU.Build.0 = Release|Any CPU
		{2C286142-7875-44C6-A44B-332397A59FD4}.Debug|Any CPU.ActiveCfg = Debug|Any CPU
		{2C286142-7875-44C6-A44B-332397A59FD4}.Debug|Any CPU.Build.0 = Debug|Any CPU
		{2C286142-7875-44C6-A44B-332397A59FD4}.FxCop|Any CPU.ActiveCfg = Release|Any CPU
		{2C286142-7875-44C6-A44B-332397A59FD4}.FxCop|Any CPU.Build.0 = Release|Any CPU
		{2C286142-7875-44C6-A44B-332397A59FD4}.Release|Any CPU.ActiveCfg = Release|Any CPU
		{2C286142-7875-44C6-A44B-332397A59FD4}.Release|Any CPU.Build.0 = Release|Any CPU
		{D64F8D02-3770-4142-9DCF-347085D867C4}.CodeCoverage|Any CPU.ActiveCfg = Release|Any CPU
		{D64F8D02-3770-4142-9DCF-347085D867C4}.CodeCoverage|Any CPU.Build.0 = Release|Any CPU
		{D64F8D02-3770-4142-9DCF-347085D867C4}.Coverage|Any CPU.ActiveCfg = Release|Any CPU
		{D64F8D02-3770-4142-9DCF-347085D867C4}.Coverage|Any CPU.Build.0 = Release|Any CPU
		{D64F8D02-3770-4142-9DCF-347085D867C4}.Debug|Any CPU.ActiveCfg = Debug|Any CPU
		{D64F8D02-3770-4142-9DCF-347085D867C4}.Debug|Any CPU.Build.0 = Debug|Any CPU
		{D64F8D02-3770-4142-9DCF-347085D867C4}.FxCop|Any CPU.ActiveCfg = Release|Any CPU
		{D64F8D02-3770-4142-9DCF-347085D867C4}.FxCop|Any CPU.Build.0 = Release|Any CPU
		{D64F8D02-3770-4142-9DCF-347085D867C4}.Release|Any CPU.ActiveCfg = Release|Any CPU
		{D64F8D02-3770-4142-9DCF-347085D867C4}.Release|Any CPU.Build.0 = Release|Any CPU
		{5407066D-9506-4A04-AD71-B61838254DF8}.CodeCoverage|Any CPU.ActiveCfg = Release|Any CPU
		{5407066D-9506-4A04-AD71-B61838254DF8}.CodeCoverage|Any CPU.Build.0 = Release|Any CPU
		{5407066D-9506-4A04-AD71-B61838254DF8}.Coverage|Any CPU.ActiveCfg = Release|Any CPU
		{5407066D-9506-4A04-AD71-B61838254DF8}.Coverage|Any CPU.Build.0 = Release|Any CPU
		{5407066D-9506-4A04-AD71-B61838254DF8}.Debug|Any CPU.ActiveCfg = Debug|Any CPU
		{5407066D-9506-4A04-AD71-B61838254DF8}.Debug|Any CPU.Build.0 = Debug|Any CPU
		{5407066D-9506-4A04-AD71-B61838254DF8}.FxCop|Any CPU.ActiveCfg = Release|Any CPU
		{5407066D-9506-4A04-AD71-B61838254DF8}.FxCop|Any CPU.Build.0 = Release|Any CPU
		{5407066D-9506-4A04-AD71-B61838254DF8}.Release|Any CPU.ActiveCfg = Release|Any CPU
		{5407066D-9506-4A04-AD71-B61838254DF8}.Release|Any CPU.Build.0 = Release|Any CPU
		{301B0B38-603A-4B9E-ADE3-4A4FE797F753}.CodeCoverage|Any CPU.ActiveCfg = Release|Any CPU
		{301B0B38-603A-4B9E-ADE3-4A4FE797F753}.CodeCoverage|Any CPU.Build.0 = Release|Any CPU
		{301B0B38-603A-4B9E-ADE3-4A4FE797F753}.Coverage|Any CPU.ActiveCfg = Release|Any CPU
		{301B0B38-603A-4B9E-ADE3-4A4FE797F753}.Coverage|Any CPU.Build.0 = Release|Any CPU
		{301B0B38-603A-4B9E-ADE3-4A4FE797F753}.Debug|Any CPU.ActiveCfg = Debug|Any CPU
		{301B0B38-603A-4B9E-ADE3-4A4FE797F753}.Debug|Any CPU.Build.0 = Debug|Any CPU
		{301B0B38-603A-4B9E-ADE3-4A4FE797F753}.FxCop|Any CPU.ActiveCfg = Release|Any CPU
		{301B0B38-603A-4B9E-ADE3-4A4FE797F753}.FxCop|Any CPU.Build.0 = Release|Any CPU
		{301B0B38-603A-4B9E-ADE3-4A4FE797F753}.Release|Any CPU.ActiveCfg = Release|Any CPU
		{301B0B38-603A-4B9E-ADE3-4A4FE797F753}.Release|Any CPU.Build.0 = Release|Any CPU
		{9C300795-5E99-4894-AEB1-E6B38DFF0D78}.CodeCoverage|Any CPU.ActiveCfg = Release|Any CPU
		{9C300795-5E99-4894-AEB1-E6B38DFF0D78}.CodeCoverage|Any CPU.Build.0 = Release|Any CPU
		{9C300795-5E99-4894-AEB1-E6B38DFF0D78}.Coverage|Any CPU.ActiveCfg = Release|Any CPU
		{9C300795-5E99-4894-AEB1-E6B38DFF0D78}.Coverage|Any CPU.Build.0 = Release|Any CPU
		{9C300795-5E99-4894-AEB1-E6B38DFF0D78}.Debug|Any CPU.ActiveCfg = Debug|Any CPU
		{9C300795-5E99-4894-AEB1-E6B38DFF0D78}.Debug|Any CPU.Build.0 = Debug|Any CPU
		{9C300795-5E99-4894-AEB1-E6B38DFF0D78}.FxCop|Any CPU.ActiveCfg = Release|Any CPU
		{9C300795-5E99-4894-AEB1-E6B38DFF0D78}.FxCop|Any CPU.Build.0 = Release|Any CPU
		{9C300795-5E99-4894-AEB1-E6B38DFF0D78}.Release|Any CPU.ActiveCfg = Release|Any CPU
		{9C300795-5E99-4894-AEB1-E6B38DFF0D78}.Release|Any CPU.Build.0 = Release|Any CPU
	EndGlobalSection
	GlobalSection(SolutionProperties) = preSolution
		HideSolutionNode = FALSE
	EndGlobalSection
	GlobalSection(NestedProjects) = preSolution
		{9C300795-5E99-4894-AEB1-E6B38DFF0D78} = {E9C9F120-07BA-4DFB-B9C3-3AFB9D44C9D5}
		{301B0B38-603A-4B9E-ADE3-4A4FE797F753} = {74E681ED-FECC-4034-B9BD-01B0BB1BDECA}
		{2C286142-7875-44C6-A44B-332397A59FD4} = {383DBA32-4A3E-48D1-AAC3-75377A694452}
		{D64F8D02-3770-4142-9DCF-347085D867C4} = {383DBA32-4A3E-48D1-AAC3-75377A694452}
		{5407066D-9506-4A04-AD71-B61838254DF8} = {383DBA32-4A3E-48D1-AAC3-75377A694452}
	EndGlobalSection
EndGlobal
