Microsoft Visual Studio Solution File, Format Version 12.00
# Visual Studio 2013
VisualStudioVersion = 12.0.31101.0
MinimumVisualStudioVersion = 10.0.40219.1
Project("{2150E333-8FDC-42A3-9474-1A3956D46DE8}") = "Tests", "Tests", "{74E681ED-FECC-4034-B9BD-01B0BB1BDECA}"
EndProject
Project("{2150E333-8FDC-42A3-9474-1A3956D46DE8}") = "Tools", "Tools", "{383DBA32-4A3E-48D1-AAC3-75377A694452}"
EndProject
Project("{FAE04EC0-301F-11D3-BF4B-00C04F79EFBC}") = "Orchard.Web", "Orchard.Web\Orchard.Web.csproj", "{50B779EA-EC00-4699-84C0-03B395C365D2}"
	ProjectSection(ProjectDependencies) = postProject
		{5E5E7A21-C7B2-44D8-8593-2F9541AE041D} = {5E5E7A21-C7B2-44D8-8593-2F9541AE041D}
	EndProjectSection
EndProject
Project("{FAE04EC0-301F-11D3-BF4B-00C04F79EFBC}") = "Orchard.Framework", "Orchard\Orchard.Framework.csproj", "{2D1D92BB-4555-4CBE-8D0E-63563D6CE4C6}"
EndProject
Project("{FAE04EC0-301F-11D3-BF4B-00C04F79EFBC}") = "Orchard.Core", "Orchard.Web\Core\Orchard.Core.csproj", "{9916839C-39FC-4CEB-A5AF-89CA7E87119F}"
EndProject
Project("{FAE04EC0-301F-11D3-BF4B-00C04F79EFBC}") = "MSBuild.Orchard.Tasks", "Tools\MSBuild.Orchard.Tasks\MSBuild.Orchard.Tasks.csproj", "{5E5E7A21-C7B2-44D8-8593-2F9541AE041D}"
EndProject
Project("{FAE04EC0-301F-11D3-BF4B-00C04F79EFBC}") = "Orchard.WarmupStarter", "Orchard.WarmupStarter\Orchard.WarmupStarter.csproj", "{5C0D5249-AEF5-4BB6-8F5F-057B91AC2D7A}"
EndProject
Project("{2150E333-8FDC-42A3-9474-1A3956D46DE8}") = "Modules", "Modules", "{66F2661D-F0D3-430A-BBAC-63B75945A5F9}"
EndProject
Project("{FAE04EC0-301F-11D3-BF4B-00C04F79EFBC}") = "Proligence.PowerShell.Provider", "Orchard.Web\Modules\Proligence.PowerShell.Provider\Proligence.PowerShell.Provider.csproj", "{2C286142-7875-44C6-A44B-332397A59FD4}"
EndProject
Project("{FAE04EC0-301F-11D3-BF4B-00C04F79EFBC}") = "Orchard.Tests.Modules.PowerShell.Provider", "Orchard.Tests.Modules.PowerShell.Provider\Orchard.Tests.Modules.PowerShell.Provider.csproj", "{D64F8D02-3770-4142-9DCF-347085D867C4}"
EndProject
Project("{FAE04EC0-301F-11D3-BF4B-00C04F79EFBC}") = "Proligence.SignalR", "Orchard.Web\Modules\Proligence.SignalR\Proligence.SignalR.csproj", "{36A35E6C-F1EF-4A5A-85C1-07F6B3270578}"
EndProject
Project("{FAE04EC0-301F-11D3-BF4B-00C04F79EFBC}") = "Orchard", "Tools\Orchard\Orchard.csproj", "{33B1BC8D-E292-4972-A363-22056B207156}"
EndProject
Project("{FAE04EC0-301F-11D3-BF4B-00C04F79EFBC}") = "Orchard.Themes", "Orchard.Web\Modules\Orchard.Themes\Orchard.Themes.csproj", "{CDE24A24-01D3-403C-84B9-37722E18DFB7}"
EndProject
Project("{FAE04EC0-301F-11D3-BF4B-00C04F79EFBC}") = "OrchardPs", "Tools\OrchardPs\OrchardPs.csproj", "{5407066D-9506-4A04-AD71-B61838254DF8}"
EndProject
Project("{FAE04EC0-301F-11D3-BF4B-00C04F79EFBC}") = "Proligence.PowerShell.Core", "Orchard.Web\Modules\Proligence.PowerShell.Core\Proligence.PowerShell.Core.csproj", "{9C300795-5E99-4894-AEB1-E6B38DFF0D78}"
EndProject
Project("{FAE04EC0-301F-11D3-BF4B-00C04F79EFBC}") = "Proligence.PowerShell.Web", "Orchard.Web\Modules\Proligence.PowerShell.Web\Proligence.PowerShell.Web.csproj", "{8599FF4A-F0CB-4C69-821F-7DE8E4297E92}"
EndProject
Project("{FAE04EC0-301F-11D3-BF4B-00C04F79EFBC}") = "Orchard.Tests.Modules.PowerShell.Core", "Orchard.Tests.Modules.PowerShell.Core\Orchard.Tests.Modules.PowerShell.Core.csproj", "{301B0B38-603A-4B9E-ADE3-4A4FE797F753}"
EndProject
Project("{FAE04EC0-301F-11D3-BF4B-00C04F79EFBC}") = "Orchard.Tests.Modules.PowerShell.Web", "Orchard.Tests.Modules.PowerShell.Web\Orchard.Tests.Modules.PowerShell.Web.csproj", "{209830E7-7C24-47CB-BCCB-042D8F1851A9}"
EndProject
Project("{FAE04EC0-301F-11D3-BF4B-00C04F79EFBC}") = "Orchard.Tests.PowerShell.Infrastructure", "Orchard.Tests.PowerShell.Infrastructure\Orchard.Tests.PowerShell.Infrastructure.csproj", "{6B662CF8-56BF-469D-9012-7EA3B8F8DC6C}"
EndProject
Project("{FAE04EC0-301F-11D3-BF4B-00C04F79EFBC}") = "Proligence.PowerShell.Recipes", "Orchard.Web\Modules\Proligence.PowerShell.Recipes\Proligence.PowerShell.Recipes.csproj", "{F56884D6-CF61-43B3-8E79-B53685C976F5}"
EndProject
Project("{FAE04EC0-301F-11D3-BF4B-00C04F79EFBC}") = "Orchard.Tests.Modules.PowerShell.Recipes", "Orchard.Tests.Modules.PowerShell.Recipes\Orchard.Tests.Modules.PowerShell.Recipes.csproj", "{4A7A98A2-27BE-4ADD-9522-7E8A7BB14EE4}"
EndProject
Project("{FAE04EC0-301F-11D3-BF4B-00C04F79EFBC}") = "Orchard.Recipes", "Orchard.Web\Modules\Orchard.Recipes\Orchard.Recipes.csproj", "{FC1D74E8-7A4D-48F4-83DE-95C6173780C4}"
EndProject
Global
	GlobalSection(SolutionConfigurationPlatforms) = preSolution
		CodeCoverage|Any CPU = CodeCoverage|Any CPU
		Coverage|Any CPU = Coverage|Any CPU
		Debug|Any CPU = Debug|Any CPU
		FxCop|Any CPU = FxCop|Any CPU
		Release|Any CPU = Release|Any CPU
	EndGlobalSection
	GlobalSection(ProjectConfigurationPlatforms) = postSolution
		{50B779EA-EC00-4699-84C0-03B395C365D2}.CodeCoverage|Any CPU.ActiveCfg = Release|Any CPU
		{50B779EA-EC00-4699-84C0-03B395C365D2}.CodeCoverage|Any CPU.Build.0 = Release|Any CPU
		{50B779EA-EC00-4699-84C0-03B395C365D2}.Coverage|Any CPU.ActiveCfg = Release|Any CPU
		{50B779EA-EC00-4699-84C0-03B395C365D2}.Coverage|Any CPU.Build.0 = Release|Any CPU
		{50B779EA-EC00-4699-84C0-03B395C365D2}.Debug|Any CPU.ActiveCfg = Debug|Any CPU
		{50B779EA-EC00-4699-84C0-03B395C365D2}.Debug|Any CPU.Build.0 = Debug|Any CPU
		{50B779EA-EC00-4699-84C0-03B395C365D2}.FxCop|Any CPU.ActiveCfg = Release|Any CPU
		{50B779EA-EC00-4699-84C0-03B395C365D2}.FxCop|Any CPU.Build.0 = Release|Any CPU
		{50B779EA-EC00-4699-84C0-03B395C365D2}.Release|Any CPU.ActiveCfg = Release|Any CPU
		{50B779EA-EC00-4699-84C0-03B395C365D2}.Release|Any CPU.Build.0 = Release|Any CPU
		{2D1D92BB-4555-4CBE-8D0E-63563D6CE4C6}.CodeCoverage|Any CPU.ActiveCfg = Release|Any CPU
		{2D1D92BB-4555-4CBE-8D0E-63563D6CE4C6}.CodeCoverage|Any CPU.Build.0 = Release|Any CPU
		{2D1D92BB-4555-4CBE-8D0E-63563D6CE4C6}.Coverage|Any CPU.ActiveCfg = Release|Any CPU
		{2D1D92BB-4555-4CBE-8D0E-63563D6CE4C6}.Coverage|Any CPU.Build.0 = Release|Any CPU
		{2D1D92BB-4555-4CBE-8D0E-63563D6CE4C6}.Debug|Any CPU.ActiveCfg = Debug|Any CPU
		{2D1D92BB-4555-4CBE-8D0E-63563D6CE4C6}.Debug|Any CPU.Build.0 = Debug|Any CPU
		{2D1D92BB-4555-4CBE-8D0E-63563D6CE4C6}.FxCop|Any CPU.ActiveCfg = Release|Any CPU
		{2D1D92BB-4555-4CBE-8D0E-63563D6CE4C6}.FxCop|Any CPU.Build.0 = Release|Any CPU
		{2D1D92BB-4555-4CBE-8D0E-63563D6CE4C6}.Release|Any CPU.ActiveCfg = Release|Any CPU
		{2D1D92BB-4555-4CBE-8D0E-63563D6CE4C6}.Release|Any CPU.Build.0 = Release|Any CPU
		{9916839C-39FC-4CEB-A5AF-89CA7E87119F}.CodeCoverage|Any CPU.ActiveCfg = Release|Any CPU
		{9916839C-39FC-4CEB-A5AF-89CA7E87119F}.CodeCoverage|Any CPU.Build.0 = Release|Any CPU
		{9916839C-39FC-4CEB-A5AF-89CA7E87119F}.Coverage|Any CPU.ActiveCfg = Release|Any CPU
		{9916839C-39FC-4CEB-A5AF-89CA7E87119F}.Coverage|Any CPU.Build.0 = Release|Any CPU
		{9916839C-39FC-4CEB-A5AF-89CA7E87119F}.Debug|Any CPU.ActiveCfg = Debug|Any CPU
		{9916839C-39FC-4CEB-A5AF-89CA7E87119F}.Debug|Any CPU.Build.0 = Debug|Any CPU
		{9916839C-39FC-4CEB-A5AF-89CA7E87119F}.FxCop|Any CPU.ActiveCfg = Release|Any CPU
		{9916839C-39FC-4CEB-A5AF-89CA7E87119F}.FxCop|Any CPU.Build.0 = Release|Any CPU
		{9916839C-39FC-4CEB-A5AF-89CA7E87119F}.Release|Any CPU.ActiveCfg = Release|Any CPU
		{9916839C-39FC-4CEB-A5AF-89CA7E87119F}.Release|Any CPU.Build.0 = Release|Any CPU
		{5E5E7A21-C7B2-44D8-8593-2F9541AE041D}.CodeCoverage|Any CPU.ActiveCfg = Release|Any CPU
		{5E5E7A21-C7B2-44D8-8593-2F9541AE041D}.CodeCoverage|Any CPU.Build.0 = Release|Any CPU
		{5E5E7A21-C7B2-44D8-8593-2F9541AE041D}.Coverage|Any CPU.ActiveCfg = Release|Any CPU
		{5E5E7A21-C7B2-44D8-8593-2F9541AE041D}.Coverage|Any CPU.Build.0 = Release|Any CPU
		{5E5E7A21-C7B2-44D8-8593-2F9541AE041D}.Debug|Any CPU.ActiveCfg = Debug|Any CPU
		{5E5E7A21-C7B2-44D8-8593-2F9541AE041D}.Debug|Any CPU.Build.0 = Debug|Any CPU
		{5E5E7A21-C7B2-44D8-8593-2F9541AE041D}.FxCop|Any CPU.ActiveCfg = Release|Any CPU
		{5E5E7A21-C7B2-44D8-8593-2F9541AE041D}.FxCop|Any CPU.Build.0 = Release|Any CPU
		{5E5E7A21-C7B2-44D8-8593-2F9541AE041D}.Release|Any CPU.ActiveCfg = Release|Any CPU
		{5E5E7A21-C7B2-44D8-8593-2F9541AE041D}.Release|Any CPU.Build.0 = Release|Any CPU
		{5C0D5249-AEF5-4BB6-8F5F-057B91AC2D7A}.CodeCoverage|Any CPU.ActiveCfg = Release|Any CPU
		{5C0D5249-AEF5-4BB6-8F5F-057B91AC2D7A}.CodeCoverage|Any CPU.Build.0 = Release|Any CPU
		{5C0D5249-AEF5-4BB6-8F5F-057B91AC2D7A}.Coverage|Any CPU.ActiveCfg = Release|Any CPU
		{5C0D5249-AEF5-4BB6-8F5F-057B91AC2D7A}.Coverage|Any CPU.Build.0 = Release|Any CPU
		{5C0D5249-AEF5-4BB6-8F5F-057B91AC2D7A}.Debug|Any CPU.ActiveCfg = Debug|Any CPU
		{5C0D5249-AEF5-4BB6-8F5F-057B91AC2D7A}.Debug|Any CPU.Build.0 = Debug|Any CPU
		{5C0D5249-AEF5-4BB6-8F5F-057B91AC2D7A}.FxCop|Any CPU.ActiveCfg = Release|Any CPU
		{5C0D5249-AEF5-4BB6-8F5F-057B91AC2D7A}.FxCop|Any CPU.Build.0 = Release|Any CPU
		{5C0D5249-AEF5-4BB6-8F5F-057B91AC2D7A}.Release|Any CPU.ActiveCfg = Release|Any CPU
		{5C0D5249-AEF5-4BB6-8F5F-057B91AC2D7A}.Release|Any CPU.Build.0 = Release|Any CPU
		{2C286142-7875-44C6-A44B-332397A59FD4}.CodeCoverage|Any CPU.ActiveCfg = Release|Any CPU
		{2C286142-7875-44C6-A44B-332397A59FD4}.CodeCoverage|Any CPU.Build.0 = Release|Any CPU
		{2C286142-7875-44C6-A44B-332397A59FD4}.Coverage|Any CPU.ActiveCfg = Release|Any CPU
		{2C286142-7875-44C6-A44B-332397A59FD4}.Coverage|Any CPU.Build.0 = Release|Any CPU
		{2C286142-7875-44C6-A44B-332397A59FD4}.Debug|Any CPU.ActiveCfg = Debug|Any CPU
		{2C286142-7875-44C6-A44B-332397A59FD4}.Debug|Any CPU.Build.0 = Debug|Any CPU
		{2C286142-7875-44C6-A44B-332397A59FD4}.FxCop|Any CPU.ActiveCfg = Release|Any CPU
		{2C286142-7875-44C6-A44B-332397A59FD4}.FxCop|Any CPU.Build.0 = Release|Any CPU
		{2C286142-7875-44C6-A44B-332397A59FD4}.Release|Any CPU.ActiveCfg = Release|Any CPU
		{2C286142-7875-44C6-A44B-332397A59FD4}.Release|Any CPU.Build.0 = Release|Any CPU
		{D64F8D02-3770-4142-9DCF-347085D867C4}.CodeCoverage|Any CPU.ActiveCfg = Release|Any CPU
		{D64F8D02-3770-4142-9DCF-347085D867C4}.CodeCoverage|Any CPU.Build.0 = Release|Any CPU
		{D64F8D02-3770-4142-9DCF-347085D867C4}.Coverage|Any CPU.ActiveCfg = Release|Any CPU
		{D64F8D02-3770-4142-9DCF-347085D867C4}.Coverage|Any CPU.Build.0 = Release|Any CPU
		{D64F8D02-3770-4142-9DCF-347085D867C4}.Debug|Any CPU.ActiveCfg = Debug|Any CPU
		{D64F8D02-3770-4142-9DCF-347085D867C4}.Debug|Any CPU.Build.0 = Debug|Any CPU
		{D64F8D02-3770-4142-9DCF-347085D867C4}.FxCop|Any CPU.ActiveCfg = Release|Any CPU
		{D64F8D02-3770-4142-9DCF-347085D867C4}.FxCop|Any CPU.Build.0 = Release|Any CPU
		{D64F8D02-3770-4142-9DCF-347085D867C4}.Release|Any CPU.ActiveCfg = Release|Any CPU
		{D64F8D02-3770-4142-9DCF-347085D867C4}.Release|Any CPU.Build.0 = Release|Any CPU
		{36A35E6C-F1EF-4A5A-85C1-07F6B3270578}.CodeCoverage|Any CPU.ActiveCfg = Release|Any CPU
		{36A35E6C-F1EF-4A5A-85C1-07F6B3270578}.CodeCoverage|Any CPU.Build.0 = Release|Any CPU
		{36A35E6C-F1EF-4A5A-85C1-07F6B3270578}.Coverage|Any CPU.ActiveCfg = Release|Any CPU
		{36A35E6C-F1EF-4A5A-85C1-07F6B3270578}.Coverage|Any CPU.Build.0 = Release|Any CPU
		{36A35E6C-F1EF-4A5A-85C1-07F6B3270578}.Debug|Any CPU.ActiveCfg = Debug|Any CPU
		{36A35E6C-F1EF-4A5A-85C1-07F6B3270578}.Debug|Any CPU.Build.0 = Debug|Any CPU
		{36A35E6C-F1EF-4A5A-85C1-07F6B3270578}.FxCop|Any CPU.ActiveCfg = Release|Any CPU
		{36A35E6C-F1EF-4A5A-85C1-07F6B3270578}.FxCop|Any CPU.Build.0 = Release|Any CPU
		{36A35E6C-F1EF-4A5A-85C1-07F6B3270578}.Release|Any CPU.ActiveCfg = Release|Any CPU
		{36A35E6C-F1EF-4A5A-85C1-07F6B3270578}.Release|Any CPU.Build.0 = Release|Any CPU
		{33B1BC8D-E292-4972-A363-22056B207156}.CodeCoverage|Any CPU.ActiveCfg = Release|Any CPU
		{33B1BC8D-E292-4972-A363-22056B207156}.CodeCoverage|Any CPU.Build.0 = Release|Any CPU
		{33B1BC8D-E292-4972-A363-22056B207156}.Coverage|Any CPU.ActiveCfg = Release|Any CPU
		{33B1BC8D-E292-4972-A363-22056B207156}.Coverage|Any CPU.Build.0 = Release|Any CPU
		{33B1BC8D-E292-4972-A363-22056B207156}.Debug|Any CPU.ActiveCfg = Debug|Any CPU
		{33B1BC8D-E292-4972-A363-22056B207156}.Debug|Any CPU.Build.0 = Debug|Any CPU
		{33B1BC8D-E292-4972-A363-22056B207156}.FxCop|Any CPU.ActiveCfg = Release|Any CPU
		{33B1BC8D-E292-4972-A363-22056B207156}.FxCop|Any CPU.Build.0 = Release|Any CPU
		{33B1BC8D-E292-4972-A363-22056B207156}.Release|Any CPU.ActiveCfg = Release|Any CPU
		{33B1BC8D-E292-4972-A363-22056B207156}.Release|Any CPU.Build.0 = Release|Any CPU
		{CDE24A24-01D3-403C-84B9-37722E18DFB7}.CodeCoverage|Any CPU.ActiveCfg = Release|Any CPU
		{CDE24A24-01D3-403C-84B9-37722E18DFB7}.CodeCoverage|Any CPU.Build.0 = Release|Any CPU
		{CDE24A24-01D3-403C-84B9-37722E18DFB7}.Coverage|Any CPU.ActiveCfg = Release|Any CPU
		{CDE24A24-01D3-403C-84B9-37722E18DFB7}.Coverage|Any CPU.Build.0 = Release|Any CPU
		{CDE24A24-01D3-403C-84B9-37722E18DFB7}.Debug|Any CPU.ActiveCfg = Debug|Any CPU
		{CDE24A24-01D3-403C-84B9-37722E18DFB7}.Debug|Any CPU.Build.0 = Debug|Any CPU
		{CDE24A24-01D3-403C-84B9-37722E18DFB7}.FxCop|Any CPU.ActiveCfg = Release|Any CPU
		{CDE24A24-01D3-403C-84B9-37722E18DFB7}.FxCop|Any CPU.Build.0 = Release|Any CPU
		{CDE24A24-01D3-403C-84B9-37722E18DFB7}.Release|Any CPU.ActiveCfg = Release|Any CPU
		{CDE24A24-01D3-403C-84B9-37722E18DFB7}.Release|Any CPU.Build.0 = Release|Any CPU
		{5407066D-9506-4A04-AD71-B61838254DF8}.CodeCoverage|Any CPU.ActiveCfg = Release|Any CPU
		{5407066D-9506-4A04-AD71-B61838254DF8}.CodeCoverage|Any CPU.Build.0 = Release|Any CPU
		{5407066D-9506-4A04-AD71-B61838254DF8}.Coverage|Any CPU.ActiveCfg = Release|Any CPU
		{5407066D-9506-4A04-AD71-B61838254DF8}.Coverage|Any CPU.Build.0 = Release|Any CPU
		{5407066D-9506-4A04-AD71-B61838254DF8}.Debug|Any CPU.ActiveCfg = Debug|Any CPU
		{5407066D-9506-4A04-AD71-B61838254DF8}.Debug|Any CPU.Build.0 = Debug|Any CPU
		{5407066D-9506-4A04-AD71-B61838254DF8}.FxCop|Any CPU.ActiveCfg = Release|Any CPU
		{5407066D-9506-4A04-AD71-B61838254DF8}.FxCop|Any CPU.Build.0 = Release|Any CPU
		{5407066D-9506-4A04-AD71-B61838254DF8}.Release|Any CPU.ActiveCfg = Release|Any CPU
		{5407066D-9506-4A04-AD71-B61838254DF8}.Release|Any CPU.Build.0 = Release|Any CPU
		{9C300795-5E99-4894-AEB1-E6B38DFF0D78}.CodeCoverage|Any CPU.ActiveCfg = Release|Any CPU
		{9C300795-5E99-4894-AEB1-E6B38DFF0D78}.CodeCoverage|Any CPU.Build.0 = Release|Any CPU
		{9C300795-5E99-4894-AEB1-E6B38DFF0D78}.Coverage|Any CPU.ActiveCfg = Release|Any CPU
		{9C300795-5E99-4894-AEB1-E6B38DFF0D78}.Coverage|Any CPU.Build.0 = Release|Any CPU
		{9C300795-5E99-4894-AEB1-E6B38DFF0D78}.Debug|Any CPU.ActiveCfg = Debug|Any CPU
		{9C300795-5E99-4894-AEB1-E6B38DFF0D78}.Debug|Any CPU.Build.0 = Debug|Any CPU
		{9C300795-5E99-4894-AEB1-E6B38DFF0D78}.FxCop|Any CPU.ActiveCfg = Release|Any CPU
		{9C300795-5E99-4894-AEB1-E6B38DFF0D78}.FxCop|Any CPU.Build.0 = Release|Any CPU
		{9C300795-5E99-4894-AEB1-E6B38DFF0D78}.Release|Any CPU.ActiveCfg = Release|Any CPU
		{9C300795-5E99-4894-AEB1-E6B38DFF0D78}.Release|Any CPU.Build.0 = Release|Any CPU
		{8599FF4A-F0CB-4C69-821F-7DE8E4297E92}.CodeCoverage|Any CPU.ActiveCfg = Release|Any CPU
		{8599FF4A-F0CB-4C69-821F-7DE8E4297E92}.CodeCoverage|Any CPU.Build.0 = Release|Any CPU
		{8599FF4A-F0CB-4C69-821F-7DE8E4297E92}.Coverage|Any CPU.ActiveCfg = Release|Any CPU
		{8599FF4A-F0CB-4C69-821F-7DE8E4297E92}.Coverage|Any CPU.Build.0 = Release|Any CPU
		{8599FF4A-F0CB-4C69-821F-7DE8E4297E92}.Debug|Any CPU.ActiveCfg = Debug|Any CPU
		{8599FF4A-F0CB-4C69-821F-7DE8E4297E92}.Debug|Any CPU.Build.0 = Debug|Any CPU
		{8599FF4A-F0CB-4C69-821F-7DE8E4297E92}.FxCop|Any CPU.ActiveCfg = Release|Any CPU
		{8599FF4A-F0CB-4C69-821F-7DE8E4297E92}.FxCop|Any CPU.Build.0 = Release|Any CPU
		{8599FF4A-F0CB-4C69-821F-7DE8E4297E92}.Release|Any CPU.ActiveCfg = Release|Any CPU
		{8599FF4A-F0CB-4C69-821F-7DE8E4297E92}.Release|Any CPU.Build.0 = Release|Any CPU
		{301B0B38-603A-4B9E-ADE3-4A4FE797F753}.CodeCoverage|Any CPU.ActiveCfg = Release|Any CPU
		{301B0B38-603A-4B9E-ADE3-4A4FE797F753}.CodeCoverage|Any CPU.Build.0 = Release|Any CPU
		{301B0B38-603A-4B9E-ADE3-4A4FE797F753}.Coverage|Any CPU.ActiveCfg = Release|Any CPU
		{301B0B38-603A-4B9E-ADE3-4A4FE797F753}.Coverage|Any CPU.Build.0 = Release|Any CPU
		{301B0B38-603A-4B9E-ADE3-4A4FE797F753}.Debug|Any CPU.ActiveCfg = Debug|Any CPU
		{301B0B38-603A-4B9E-ADE3-4A4FE797F753}.Debug|Any CPU.Build.0 = Debug|Any CPU
		{301B0B38-603A-4B9E-ADE3-4A4FE797F753}.FxCop|Any CPU.ActiveCfg = Release|Any CPU
		{301B0B38-603A-4B9E-ADE3-4A4FE797F753}.FxCop|Any CPU.Build.0 = Release|Any CPU
		{301B0B38-603A-4B9E-ADE3-4A4FE797F753}.Release|Any CPU.ActiveCfg = Release|Any CPU
		{301B0B38-603A-4B9E-ADE3-4A4FE797F753}.Release|Any CPU.Build.0 = Release|Any CPU
		{209830E7-7C24-47CB-BCCB-042D8F1851A9}.CodeCoverage|Any CPU.ActiveCfg = Release|Any CPU
		{209830E7-7C24-47CB-BCCB-042D8F1851A9}.CodeCoverage|Any CPU.Build.0 = Release|Any CPU
		{209830E7-7C24-47CB-BCCB-042D8F1851A9}.Coverage|Any CPU.ActiveCfg = Release|Any CPU
		{209830E7-7C24-47CB-BCCB-042D8F1851A9}.Coverage|Any CPU.Build.0 = Release|Any CPU
		{209830E7-7C24-47CB-BCCB-042D8F1851A9}.Debug|Any CPU.ActiveCfg = Debug|Any CPU
		{209830E7-7C24-47CB-BCCB-042D8F1851A9}.Debug|Any CPU.Build.0 = Debug|Any CPU
		{209830E7-7C24-47CB-BCCB-042D8F1851A9}.FxCop|Any CPU.ActiveCfg = Release|Any CPU
		{209830E7-7C24-47CB-BCCB-042D8F1851A9}.FxCop|Any CPU.Build.0 = Release|Any CPU
		{209830E7-7C24-47CB-BCCB-042D8F1851A9}.Release|Any CPU.ActiveCfg = Release|Any CPU
		{209830E7-7C24-47CB-BCCB-042D8F1851A9}.Release|Any CPU.Build.0 = Release|Any CPU
		{6B662CF8-56BF-469D-9012-7EA3B8F8DC6C}.CodeCoverage|Any CPU.ActiveCfg = Release|Any CPU
		{6B662CF8-56BF-469D-9012-7EA3B8F8DC6C}.CodeCoverage|Any CPU.Build.0 = Release|Any CPU
		{6B662CF8-56BF-469D-9012-7EA3B8F8DC6C}.Coverage|Any CPU.ActiveCfg = Release|Any CPU
		{6B662CF8-56BF-469D-9012-7EA3B8F8DC6C}.Coverage|Any CPU.Build.0 = Release|Any CPU
		{6B662CF8-56BF-469D-9012-7EA3B8F8DC6C}.Debug|Any CPU.ActiveCfg = Debug|Any CPU
		{6B662CF8-56BF-469D-9012-7EA3B8F8DC6C}.Debug|Any CPU.Build.0 = Debug|Any CPU
		{6B662CF8-56BF-469D-9012-7EA3B8F8DC6C}.FxCop|Any CPU.ActiveCfg = Release|Any CPU
		{6B662CF8-56BF-469D-9012-7EA3B8F8DC6C}.FxCop|Any CPU.Build.0 = Release|Any CPU
		{6B662CF8-56BF-469D-9012-7EA3B8F8DC6C}.Release|Any CPU.ActiveCfg = Release|Any CPU
		{6B662CF8-56BF-469D-9012-7EA3B8F8DC6C}.Release|Any CPU.Build.0 = Release|Any CPU
		{F56884D6-CF61-43B3-8E79-B53685C976F5}.CodeCoverage|Any CPU.ActiveCfg = Release|Any CPU
		{F56884D6-CF61-43B3-8E79-B53685C976F5}.CodeCoverage|Any CPU.Build.0 = Release|Any CPU
		{F56884D6-CF61-43B3-8E79-B53685C976F5}.Coverage|Any CPU.ActiveCfg = Release|Any CPU
		{F56884D6-CF61-43B3-8E79-B53685C976F5}.Coverage|Any CPU.Build.0 = Release|Any CPU
		{F56884D6-CF61-43B3-8E79-B53685C976F5}.Debug|Any CPU.ActiveCfg = Debug|Any CPU
		{F56884D6-CF61-43B3-8E79-B53685C976F5}.Debug|Any CPU.Build.0 = Debug|Any CPU
		{F56884D6-CF61-43B3-8E79-B53685C976F5}.FxCop|Any CPU.ActiveCfg = Release|Any CPU
		{F56884D6-CF61-43B3-8E79-B53685C976F5}.FxCop|Any CPU.Build.0 = Release|Any CPU
		{F56884D6-CF61-43B3-8E79-B53685C976F5}.Release|Any CPU.ActiveCfg = Release|Any CPU
		{F56884D6-CF61-43B3-8E79-B53685C976F5}.Release|Any CPU.Build.0 = Release|Any CPU
		{4A7A98A2-27BE-4ADD-9522-7E8A7BB14EE4}.CodeCoverage|Any CPU.ActiveCfg = Release|Any CPU
		{4A7A98A2-27BE-4ADD-9522-7E8A7BB14EE4}.CodeCoverage|Any CPU.Build.0 = Release|Any CPU
		{4A7A98A2-27BE-4ADD-9522-7E8A7BB14EE4}.Coverage|Any CPU.ActiveCfg = Release|Any CPU
		{4A7A98A2-27BE-4ADD-9522-7E8A7BB14EE4}.Coverage|Any CPU.Build.0 = Release|Any CPU
		{4A7A98A2-27BE-4ADD-9522-7E8A7BB14EE4}.Debug|Any CPU.ActiveCfg = Debug|Any CPU
		{4A7A98A2-27BE-4ADD-9522-7E8A7BB14EE4}.Debug|Any CPU.Build.0 = Debug|Any CPU
		{4A7A98A2-27BE-4ADD-9522-7E8A7BB14EE4}.FxCop|Any CPU.ActiveCfg = Release|Any CPU
		{4A7A98A2-27BE-4ADD-9522-7E8A7BB14EE4}.FxCop|Any CPU.Build.0 = Release|Any CPU
		{4A7A98A2-27BE-4ADD-9522-7E8A7BB14EE4}.Release|Any CPU.ActiveCfg = Release|Any CPU
		{4A7A98A2-27BE-4ADD-9522-7E8A7BB14EE4}.Release|Any CPU.Build.0 = Release|Any CPU
		{FC1D74E8-7A4D-48F4-83DE-95C6173780C4}.CodeCoverage|Any CPU.ActiveCfg = Release|Any CPU
		{FC1D74E8-7A4D-48F4-83DE-95C6173780C4}.CodeCoverage|Any CPU.Build.0 = Release|Any CPU
		{FC1D74E8-7A4D-48F4-83DE-95C6173780C4}.Coverage|Any CPU.ActiveCfg = Release|Any CPU
		{FC1D74E8-7A4D-48F4-83DE-95C6173780C4}.Coverage|Any CPU.Build.0 = Release|Any CPU
		{FC1D74E8-7A4D-48F4-83DE-95C6173780C4}.Debug|Any CPU.ActiveCfg = Debug|Any CPU
		{FC1D74E8-7A4D-48F4-83DE-95C6173780C4}.Debug|Any CPU.Build.0 = Debug|Any CPU
		{FC1D74E8-7A4D-48F4-83DE-95C6173780C4}.FxCop|Any CPU.ActiveCfg = Release|Any CPU
		{FC1D74E8-7A4D-48F4-83DE-95C6173780C4}.FxCop|Any CPU.Build.0 = Release|Any CPU
		{FC1D74E8-7A4D-48F4-83DE-95C6173780C4}.Release|Any CPU.ActiveCfg = Release|Any CPU
		{FC1D74E8-7A4D-48F4-83DE-95C6173780C4}.Release|Any CPU.Build.0 = Release|Any CPU
	EndGlobalSection
	GlobalSection(SolutionProperties) = preSolution
		HideSolutionNode = FALSE
	EndGlobalSection
	GlobalSection(NestedProjects) = preSolution
		{5E5E7A21-C7B2-44D8-8593-2F9541AE041D} = {383DBA32-4A3E-48D1-AAC3-75377A694452}
		{2C286142-7875-44C6-A44B-332397A59FD4} = {66F2661D-F0D3-430A-BBAC-63B75945A5F9}
		{D64F8D02-3770-4142-9DCF-347085D867C4} = {74E681ED-FECC-4034-B9BD-01B0BB1BDECA}
		{36A35E6C-F1EF-4A5A-85C1-07F6B3270578} = {66F2661D-F0D3-430A-BBAC-63B75945A5F9}
		{33B1BC8D-E292-4972-A363-22056B207156} = {383DBA32-4A3E-48D1-AAC3-75377A694452}
		{CDE24A24-01D3-403C-84B9-37722E18DFB7} = {66F2661D-F0D3-430A-BBAC-63B75945A5F9}
		{5407066D-9506-4A04-AD71-B61838254DF8} = {383DBA32-4A3E-48D1-AAC3-75377A694452}
		{9C300795-5E99-4894-AEB1-E6B38DFF0D78} = {66F2661D-F0D3-430A-BBAC-63B75945A5F9}
		{8599FF4A-F0CB-4C69-821F-7DE8E4297E92} = {66F2661D-F0D3-430A-BBAC-63B75945A5F9}
		{301B0B38-603A-4B9E-ADE3-4A4FE797F753} = {74E681ED-FECC-4034-B9BD-01B0BB1BDECA}
		{209830E7-7C24-47CB-BCCB-042D8F1851A9} = {74E681ED-FECC-4034-B9BD-01B0BB1BDECA}
		{6B662CF8-56BF-469D-9012-7EA3B8F8DC6C} = {74E681ED-FECC-4034-B9BD-01B0BB1BDECA}
		{F56884D6-CF61-43B3-8E79-B53685C976F5} = {66F2661D-F0D3-430A-BBAC-63B75945A5F9}
		{4A7A98A2-27BE-4ADD-9522-7E8A7BB14EE4} = {74E681ED-FECC-4034-B9BD-01B0BB1BDECA}
		{FC1D74E8-7A4D-48F4-83DE-95C6173780C4} = {66F2661D-F0D3-430A-BBAC-63B75945A5F9}
	EndGlobalSection
EndGlobal
